// !$*UTF8*$!
{
	archiveVersion = 1;
	classes = {
	};
	objectVersion = 51;
	objects = {

/* Begin PBXBuildFile section */
		88D1A31F270433CB0049E7CF /* AppDelegate.swift in Sources */ = {isa = PBXBuildFile; fileRef = 88D1A31E270433CB0049E7CF /* AppDelegate.swift */; };
		88D1A321270433CB0049E7CF /* SceneDelegate.swift in Sources */ = {isa = PBXBuildFile; fileRef = 88D1A320270433CB0049E7CF /* SceneDelegate.swift */; };
		88D1A326270433CB0049E7CF /* Main.storyboard in Resources */ = {isa = PBXBuildFile; fileRef = 88D1A324270433CB0049E7CF /* Main.storyboard */; };
		88D1A328270433D20049E7CF /* Assets.xcassets in Resources */ = {isa = PBXBuildFile; fileRef = 88D1A327270433D20049E7CF /* Assets.xcassets */; };
		88D1A32B270433D20049E7CF /* LaunchScreen.storyboard in Resources */ = {isa = PBXBuildFile; fileRef = 88D1A329270433D20049E7CF /* LaunchScreen.storyboard */; };
		88D1A336270433D30049E7CF /* instagramTests.swift in Sources */ = {isa = PBXBuildFile; fileRef = 88D1A335270433D30049E7CF /* instagramTests.swift */; };
		88D1A341270433D30049E7CF /* instagramUITests.swift in Sources */ = {isa = PBXBuildFile; fileRef = 88D1A340270433D30049E7CF /* instagramUITests.swift */; };
		88D1A34F2704403E0049E7CF /* LoginViewController.swift in Sources */ = {isa = PBXBuildFile; fileRef = 88D1A34E2704403E0049E7CF /* LoginViewController.swift */; };
		88D1A351270440590049E7CF /* FeedViewController.swift in Sources */ = {isa = PBXBuildFile; fileRef = 88D1A350270440590049E7CF /* FeedViewController.swift */; };
		88D1A353270953840049E7CF /* cameraViewController.swift in Sources */ = {isa = PBXBuildFile; fileRef = 88D1A352270953840049E7CF /* cameraViewController.swift */; };
		88D1A35527096F400049E7CF /* postCell.swift in Sources */ = {isa = PBXBuildFile; fileRef = 88D1A35427096F400049E7CF /* postCell.swift */; };
		A934EAE8CEDAC80CD3BFA096 /* Pods_instagram.framework in Frameworks */ = {isa = PBXBuildFile; fileRef = 497B1C61FB1E38ABC4872E4A /* Pods_instagram.framework */; };
/* End PBXBuildFile section */

/* Begin PBXContainerItemProxy section */
		88D1A332270433D30049E7CF /* PBXContainerItemProxy */ = {
			isa = PBXContainerItemProxy;
			containerPortal = 88D1A313270433CB0049E7CF /* Project object */;
			proxyType = 1;
			remoteGlobalIDString = 88D1A31A270433CB0049E7CF;
			remoteInfo = instagram;
		};
		88D1A33D270433D30049E7CF /* PBXContainerItemProxy */ = {
			isa = PBXContainerItemProxy;
			containerPortal = 88D1A313270433CB0049E7CF /* Project object */;
			proxyType = 1;
			remoteGlobalIDString = 88D1A31A270433CB0049E7CF;
			remoteInfo = instagram;
		};
/* End PBXContainerItemProxy section */

/* Begin PBXFileReference section */
		497B1C61FB1E38ABC4872E4A /* Pods_instagram.framework */ = {isa = PBXFileReference; explicitFileType = wrapper.framework; includeInIndex = 0; path = Pods_instagram.framework; sourceTree = BUILT_PRODUCTS_DIR; };
		88D1A31B270433CB0049E7CF /* instagram.app */ = {isa = PBXFileReference; explicitFileType = wrapper.application; includeInIndex = 0; path = instagram.app; sourceTree = BUILT_PRODUCTS_DIR; };
		88D1A31E270433CB0049E7CF /* AppDelegate.swift */ = {isa = PBXFileReference; lastKnownFileType = sourcecode.swift; path = AppDelegate.swift; sourceTree = "<group>"; };
		88D1A320270433CB0049E7CF /* SceneDelegate.swift */ = {isa = PBXFileReference; lastKnownFileType = sourcecode.swift; path = SceneDelegate.swift; sourceTree = "<group>"; };
		88D1A325270433CB0049E7CF /* Base */ = {isa = PBXFileReference; lastKnownFileType = file.storyboard; name = Base; path = Base.lproj/Main.storyboard; sourceTree = "<group>"; };
		88D1A327270433D20049E7CF /* Assets.xcassets */ = {isa = PBXFileReference; lastKnownFileType = folder.assetcatalog; path = Assets.xcassets; sourceTree = "<group>"; };
		88D1A32A270433D20049E7CF /* Base */ = {isa = PBXFileReference; lastKnownFileType = file.storyboard; name = Base; path = Base.lproj/LaunchScreen.storyboard; sourceTree = "<group>"; };
		88D1A32C270433D20049E7CF /* Info.plist */ = {isa = PBXFileReference; lastKnownFileType = text.plist.xml; path = Info.plist; sourceTree = "<group>"; };
		88D1A331270433D30049E7CF /* instagramTests.xctest */ = {isa = PBXFileReference; explicitFileType = wrapper.cfbundle; includeInIndex = 0; path = instagramTests.xctest; sourceTree = BUILT_PRODUCTS_DIR; };
		88D1A335270433D30049E7CF /* instagramTests.swift */ = {isa = PBXFileReference; lastKnownFileType = sourcecode.swift; path = instagramTests.swift; sourceTree = "<group>"; };
		88D1A337270433D30049E7CF /* Info.plist */ = {isa = PBXFileReference; lastKnownFileType = text.plist.xml; path = Info.plist; sourceTree = "<group>"; };
		88D1A33C270433D30049E7CF /* instagramUITests.xctest */ = {isa = PBXFileReference; explicitFileType = wrapper.cfbundle; includeInIndex = 0; path = instagramUITests.xctest; sourceTree = BUILT_PRODUCTS_DIR; };
		88D1A340270433D30049E7CF /* instagramUITests.swift */ = {isa = PBXFileReference; lastKnownFileType = sourcecode.swift; path = instagramUITests.swift; sourceTree = "<group>"; };
		88D1A342270433D30049E7CF /* Info.plist */ = {isa = PBXFileReference; lastKnownFileType = text.plist.xml; path = Info.plist; sourceTree = "<group>"; };
		88D1A34E2704403E0049E7CF /* LoginViewController.swift */ = {isa = PBXFileReference; lastKnownFileType = sourcecode.swift; path = LoginViewController.swift; sourceTree = "<group>"; };
		88D1A350270440590049E7CF /* FeedViewController.swift */ = {isa = PBXFileReference; lastKnownFileType = sourcecode.swift; path = FeedViewController.swift; sourceTree = "<group>"; };
		88D1A352270953840049E7CF /* cameraViewController.swift */ = {isa = PBXFileReference; lastKnownFileType = sourcecode.swift; path = cameraViewController.swift; sourceTree = "<group>"; };
		88D1A35427096F400049E7CF /* postCell.swift */ = {isa = PBXFileReference; lastKnownFileType = sourcecode.swift; path = postCell.swift; sourceTree = "<group>"; };
		B37356797BDE716AC1A8350F /* Pods-instagram.debug.xcconfig */ = {isa = PBXFileReference; includeInIndex = 1; lastKnownFileType = text.xcconfig; name = "Pods-instagram.debug.xcconfig"; path = "Target Support Files/Pods-instagram/Pods-instagram.debug.xcconfig"; sourceTree = "<group>"; };
		B5CEC7A1BB19E2CB09CEA6A0 /* Pods-instagram.release.xcconfig */ = {isa = PBXFileReference; includeInIndex = 1; lastKnownFileType = text.xcconfig; name = "Pods-instagram.release.xcconfig"; path = "Target Support Files/Pods-instagram/Pods-instagram.release.xcconfig"; sourceTree = "<group>"; };
/* End PBXFileReference section */

/* Begin PBXFrameworksBuildPhase section */
		88D1A318270433CB0049E7CF /* Frameworks */ = {
			isa = PBXFrameworksBuildPhase;
			buildActionMask = 2147483647;
			files = (
				A934EAE8CEDAC80CD3BFA096 /* Pods_instagram.framework in Frameworks */,
			);
			runOnlyForDeploymentPostprocessing = 0;
		};
		88D1A32E270433D30049E7CF /* Frameworks */ = {
			isa = PBXFrameworksBuildPhase;
			buildActionMask = 2147483647;
			files = (
			);
			runOnlyForDeploymentPostprocessing = 0;
		};
		88D1A339270433D30049E7CF /* Frameworks */ = {
			isa = PBXFrameworksBuildPhase;
			buildActionMask = 2147483647;
			files = (
			);
			runOnlyForDeploymentPostprocessing = 0;
		};
/* End PBXFrameworksBuildPhase section */

/* Begin PBXGroup section */
		01087BBCE0384A24447DD589 /* Pods */ = {
			isa = PBXGroup;
			children = (
				B37356797BDE716AC1A8350F /* Pods-instagram.debug.xcconfig */,
				B5CEC7A1BB19E2CB09CEA6A0 /* Pods-instagram.release.xcconfig */,
			);
			path = Pods;
			sourceTree = "<group>";
		};
		7491FA456966C4595F3F5CC2 /* Frameworks */ = {
			isa = PBXGroup;
			children = (
				497B1C61FB1E38ABC4872E4A /* Pods_instagram.framework */,
			);
			name = Frameworks;
			sourceTree = "<group>";
		};
		88D1A312270433CB0049E7CF = {
			isa = PBXGroup;
			children = (
				88D1A31D270433CB0049E7CF /* instagram */,
				88D1A334270433D30049E7CF /* instagramTests */,
				88D1A33F270433D30049E7CF /* instagramUITests */,
				88D1A31C270433CB0049E7CF /* Products */,
				01087BBCE0384A24447DD589 /* Pods */,
				7491FA456966C4595F3F5CC2 /* Frameworks */,
			);
			sourceTree = "<group>";
		};
		88D1A31C270433CB0049E7CF /* Products */ = {
			isa = PBXGroup;
			children = (
				88D1A31B270433CB0049E7CF /* instagram.app */,
				88D1A331270433D30049E7CF /* instagramTests.xctest */,
				88D1A33C270433D30049E7CF /* instagramUITests.xctest */,
			);
			name = Products;
			sourceTree = "<group>";
		};
		88D1A31D270433CB0049E7CF /* instagram */ = {
			isa = PBXGroup;
			children = (
				88D1A31E270433CB0049E7CF /* AppDelegate.swift */,
				88D1A320270433CB0049E7CF /* SceneDelegate.swift */,
				88D1A324270433CB0049E7CF /* Main.storyboard */,
				88D1A327270433D20049E7CF /* Assets.xcassets */,
				88D1A329270433D20049E7CF /* LaunchScreen.storyboard */,
				88D1A32C270433D20049E7CF /* Info.plist */,
				88D1A34E2704403E0049E7CF /* LoginViewController.swift */,
				88D1A350270440590049E7CF /* FeedViewController.swift */,
				88D1A352270953840049E7CF /* cameraViewController.swift */,
				88D1A35427096F400049E7CF /* postCell.swift */,
			);
			path = instagram;
			sourceTree = "<group>";
		};
		88D1A334270433D30049E7CF /* instagramTests */ = {
			isa = PBXGroup;
			children = (
				88D1A335270433D30049E7CF /* instagramTests.swift */,
				88D1A337270433D30049E7CF /* Info.plist */,
			);
			path = instagramTests;
			sourceTree = "<group>";
		};
		88D1A33F270433D30049E7CF /* instagramUITests */ = {
			isa = PBXGroup;
			children = (
				88D1A340270433D30049E7CF /* instagramUITests.swift */,
				88D1A342270433D30049E7CF /* Info.plist */,
			);
			path = instagramUITests;
			sourceTree = "<group>";
		};
/* End PBXGroup section */

/* Begin PBXNativeTarget section */
		88D1A31A270433CB0049E7CF /* instagram */ = {
			isa = PBXNativeTarget;
			buildConfigurationList = 88D1A345270433D30049E7CF /* Build configuration list for PBXNativeTarget "instagram" */;
			buildPhases = (
				E5A37ADE49D2FD53F33D0239 /* [CP] Check Pods Manifest.lock */,
				88D1A317270433CB0049E7CF /* Sources */,
				88D1A318270433CB0049E7CF /* Frameworks */,
				88D1A319270433CB0049E7CF /* Resources */,
				D9BE7CB279610FEA94B37070 /* [CP] Embed Pods Frameworks */,
			);
			buildRules = (
			);
			dependencies = (
			);
			name = instagram;
			productName = instagram;
			productReference = 88D1A31B270433CB0049E7CF /* instagram.app */;
			productType = "com.apple.product-type.application";
		};
		88D1A330270433D30049E7CF /* instagramTests */ = {
			isa = PBXNativeTarget;
			buildConfigurationList = 88D1A348270433D30049E7CF /* Build configuration list for PBXNativeTarget "instagramTests" */;
			buildPhases = (
				88D1A32D270433D30049E7CF /* Sources */,
				88D1A32E270433D30049E7CF /* Frameworks */,
				88D1A32F270433D30049E7CF /* Resources */,
			);
			buildRules = (
			);
			dependencies = (
				88D1A333270433D30049E7CF /* PBXTargetDependency */,
			);
			name = instagramTests;
			productName = instagramTests;
			productReference = 88D1A331270433D30049E7CF /* instagramTests.xctest */;
			productType = "com.apple.product-type.bundle.unit-test";
		};
		88D1A33B270433D30049E7CF /* instagramUITests */ = {
			isa = PBXNativeTarget;
			buildConfigurationList = 88D1A34B270433D30049E7CF /* Build configuration list for PBXNativeTarget "instagramUITests" */;
			buildPhases = (
				88D1A338270433D30049E7CF /* Sources */,
				88D1A339270433D30049E7CF /* Frameworks */,
				88D1A33A270433D30049E7CF /* Resources */,
			);
			buildRules = (
			);
			dependencies = (
				88D1A33E270433D30049E7CF /* PBXTargetDependency */,
			);
			name = instagramUITests;
			productName = instagramUITests;
			productReference = 88D1A33C270433D30049E7CF /* instagramUITests.xctest */;
			productType = "com.apple.product-type.bundle.ui-testing";
		};
/* End PBXNativeTarget section */

/* Begin PBXProject section */
		88D1A313270433CB0049E7CF /* Project object */ = {
			isa = PBXProject;
			attributes = {
				LastSwiftUpdateCheck = 1250;
				LastUpgradeCheck = 1250;
				TargetAttributes = {
					88D1A31A270433CB0049E7CF = {
						CreatedOnToolsVersion = 12.5.1;
					};
					88D1A330270433D30049E7CF = {
						CreatedOnToolsVersion = 12.5.1;
						TestTargetID = 88D1A31A270433CB0049E7CF;
					};
					88D1A33B270433D30049E7CF = {
						CreatedOnToolsVersion = 12.5.1;
						TestTargetID = 88D1A31A270433CB0049E7CF;
					};
				};
			};
			buildConfigurationList = 88D1A316270433CB0049E7CF /* Build configuration list for PBXProject "instagram" */;
			compatibilityVersion = "Xcode 9.3";
			developmentRegion = en;
			hasScannedForEncodings = 0;
			knownRegions = (
				en,
				Base,
			);
			mainGroup = 88D1A312270433CB0049E7CF;
			productRefGroup = 88D1A31C270433CB0049E7CF /* Products */;
			projectDirPath = "";
			projectRoot = "";
			targets = (
				88D1A31A270433CB0049E7CF /* instagram */,
				88D1A330270433D30049E7CF /* instagramTests */,
				88D1A33B270433D30049E7CF /* instagramUITests */,
			);
		};
/* End PBXProject section */

/* Begin PBXResourcesBuildPhase section */
		88D1A319270433CB0049E7CF /* Resources */ = {
			isa = PBXResourcesBuildPhase;
			buildActionMask = 2147483647;
			files = (
				88D1A32B270433D20049E7CF /* LaunchScreen.storyboard in Resources */,
				88D1A328270433D20049E7CF /* Assets.xcassets in Resources */,
				88D1A326270433CB0049E7CF /* Main.storyboard in Resources */,
			);
			runOnlyForDeploymentPostprocessing = 0;
		};
		88D1A32F270433D30049E7CF /* Resources */ = {
			isa = PBXResourcesBuildPhase;
			buildActionMask = 2147483647;
			files = (
			);
			runOnlyForDeploymentPostprocessing = 0;
		};
		88D1A33A270433D30049E7CF /* Resources */ = {
			isa = PBXResourcesBuildPhase;
			buildActionMask = 2147483647;
			files = (
			);
			runOnlyForDeploymentPostprocessing = 0;
		};
/* End PBXResourcesBuildPhase section */

/* Begin PBXShellScriptBuildPhase section */
		D9BE7CB279610FEA94B37070 /* [CP] Embed Pods Frameworks */ = {
			isa = PBXShellScriptBuildPhase;
			buildActionMask = 2147483647;
			files = (
			);
			inputFileListPaths = (
				"${PODS_ROOT}/Target Support Files/Pods-instagram/Pods-instagram-frameworks-${CONFIGURATION}-input-files.xcfilelist",
			);
			name = "[CP] Embed Pods Frameworks";
			outputFileListPaths = (
				"${PODS_ROOT}/Target Support Files/Pods-instagram/Pods-instagram-frameworks-${CONFIGURATION}-output-files.xcfilelist",
			);
			runOnlyForDeploymentPostprocessing = 0;
			shellPath = /bin/sh;
			shellScript = "\"${PODS_ROOT}/Target Support Files/Pods-instagram/Pods-instagram-frameworks.sh\"\n";
			showEnvVarsInLog = 0;
		};
		E5A37ADE49D2FD53F33D0239 /* [CP] Check Pods Manifest.lock */ = {
			isa = PBXShellScriptBuildPhase;
			buildActionMask = 2147483647;
			files = (
			);
			inputFileListPaths = (
			);
			inputPaths = (
				"${PODS_PODFILE_DIR_PATH}/Podfile.lock",
				"${PODS_ROOT}/Manifest.lock",
			);
			name = "[CP] Check Pods Manifest.lock";
			outputFileListPaths = (
			);
			outputPaths = (
				"$(DERIVED_FILE_DIR)/Pods-instagram-checkManifestLockResult.txt",
			);
			runOnlyForDeploymentPostprocessing = 0;
			shellPath = /bin/sh;
			shellScript = "diff \"${PODS_PODFILE_DIR_PATH}/Podfile.lock\" \"${PODS_ROOT}/Manifest.lock\" > /dev/null\nif [ $? != 0 ] ; then\n    # print error to STDERR\n    echo \"error: The sandbox is not in sync with the Podfile.lock. Run 'pod install' or update your CocoaPods installation.\" >&2\n    exit 1\nfi\n# This output is used by Xcode 'outputs' to avoid re-running this script phase.\necho \"SUCCESS\" > \"${SCRIPT_OUTPUT_FILE_0}\"\n";
			showEnvVarsInLog = 0;
		};
/* End PBXShellScriptBuildPhase section */

/* Begin PBXSourcesBuildPhase section */
		88D1A317270433CB0049E7CF /* Sources */ = {
			isa = PBXSourcesBuildPhase;
			buildActionMask = 2147483647;
			files = (
				88D1A34F2704403E0049E7CF /* LoginViewController.swift in Sources */,
				88D1A35527096F400049E7CF /* postCell.swift in Sources */,
				88D1A31F270433CB0049E7CF /* AppDelegate.swift in Sources */,
				88D1A353270953840049E7CF /* cameraViewController.swift in Sources */,
				88D1A351270440590049E7CF /* FeedViewController.swift in Sources */,
				88D1A321270433CB0049E7CF /* SceneDelegate.swift in Sources */,
			);
			runOnlyForDeploymentPostprocessing = 0;
		};
		88D1A32D270433D30049E7CF /* Sources */ = {
			isa = PBXSourcesBuildPhase;
			buildActionMask = 2147483647;
			files = (
				88D1A336270433D30049E7CF /* instagramTests.swift in Sources */,
			);
			runOnlyForDeploymentPostprocessing = 0;
		};
		88D1A338270433D30049E7CF /* Sources */ = {
			isa = PBXSourcesBuildPhase;
			buildActionMask = 2147483647;
			files = (
				88D1A341270433D30049E7CF /* instagramUITests.swift in Sources */,
			);
			runOnlyForDeploymentPostprocessing = 0;
		};
/* End PBXSourcesBuildPhase section */

/* Begin PBXTargetDependency section */
		88D1A333270433D30049E7CF /* PBXTargetDependency */ = {
			isa = PBXTargetDependency;
			target = 88D1A31A270433CB0049E7CF /* instagram */;
			targetProxy = 88D1A332270433D30049E7CF /* PBXContainerItemProxy */;
		};
		88D1A33E270433D30049E7CF /* PBXTargetDependency */ = {
			isa = PBXTargetDependency;
			target = 88D1A31A270433CB0049E7CF /* instagram */;
			targetProxy = 88D1A33D270433D30049E7CF /* PBXContainerItemProxy */;
		};
/* End PBXTargetDependency section */

/* Begin PBXVariantGroup section */
		88D1A324270433CB0049E7CF /* Main.storyboard */ = {
			isa = PBXVariantGroup;
			children = (
				88D1A325270433CB0049E7CF /* Base */,
			);
			name = Main.storyboard;
			sourceTree = "<group>";
		};
		88D1A329270433D20049E7CF /* LaunchScreen.storyboard */ = {
			isa = PBXVariantGroup;
			children = (
				88D1A32A270433D20049E7CF /* Base */,
			);
			name = LaunchScreen.storyboard;
			sourceTree = "<group>";
		};
/* End PBXVariantGroup section */

/* Begin XCBuildConfiguration section */
		88D1A343270433D30049E7CF /* Debug */ = {
			isa = XCBuildConfiguration;
			buildSettings = {
				ALWAYS_SEARCH_USER_PATHS = NO;
				CLANG_ANALYZER_NONNULL = YES;
				CLANG_ANALYZER_NUMBER_OBJECT_CONVERSION = YES_AGGRESSIVE;
				CLANG_CXX_LANGUAGE_STANDARD = "gnu++14";
				CLANG_CXX_LIBRARY = "libc++";
				CLANG_ENABLE_MODULES = YES;
				CLANG_ENABLE_OBJC_ARC = YES;
				CLANG_ENABLE_OBJC_WEAK = YES;
				CLANG_WARN_BLOCK_CAPTURE_AUTORELEASING = YES;
				CLANG_WARN_BOOL_CONVERSION = YES;
				CLANG_WARN_COMMA = YES;
				CLANG_WARN_CONSTANT_CONVERSION = YES;
				CLANG_WARN_DEPRECATED_OBJC_IMPLEMENTATIONS = YES;
				CLANG_WARN_DIRECT_OBJC_ISA_USAGE = YES_ERROR;
				CLANG_WARN_DOCUMENTATION_COMMENTS = YES;
				CLANG_WARN_EMPTY_BODY = YES;
				CLANG_WARN_ENUM_CONVERSION = YES;
				CLANG_WARN_INFINITE_RECURSION = YES;
				CLANG_WARN_INT_CONVERSION = YES;
				CLANG_WARN_NON_LITERAL_NULL_CONVERSION = YES;
				CLANG_WARN_OBJC_IMPLICIT_RETAIN_SELF = YES;
				CLANG_WARN_OBJC_LITERAL_CONVERSION = YES;
				CLANG_WARN_OBJC_ROOT_CLASS = YES_ERROR;
				CLANG_WARN_QUOTED_INCLUDE_IN_FRAMEWORK_HEADER = YES;
				CLANG_WARN_RANGE_LOOP_ANALYSIS = YES;
				CLANG_WARN_STRICT_PROTOTYPES = YES;
				CLANG_WARN_SUSPICIOUS_MOVE = YES;
				CLANG_WARN_UNGUARDED_AVAILABILITY = YES_AGGRESSIVE;
				CLANG_WARN_UNREACHABLE_CODE = YES;
				CLANG_WARN__DUPLICATE_METHOD_MATCH = YES;
				COPY_PHASE_STRIP = NO;
				DEBUG_INFORMATION_FORMAT = dwarf;
				ENABLE_STRICT_OBJC_MSGSEND = YES;
				ENABLE_TESTABILITY = YES;
				GCC_C_LANGUAGE_STANDARD = gnu11;
				GCC_DYNAMIC_NO_PIC = NO;
				GCC_NO_COMMON_BLOCKS = YES;
				GCC_OPTIMIZATION_LEVEL = 0;
				GCC_PREPROCESSOR_DEFINITIONS = (
					"DEBUG=1",
					"$(inherited)",
				);
				GCC_WARN_64_TO_32_BIT_CONVERSION = YES;
				GCC_WARN_ABOUT_RETURN_TYPE = YES_ERROR;
				GCC_WARN_UNDECLARED_SELECTOR = YES;
				GCC_WARN_UNINITIALIZED_AUTOS = YES_AGGRESSIVE;
				GCC_WARN_UNUSED_FUNCTION = YES;
				GCC_WARN_UNUSED_VARIABLE = YES;
				IPHONEOS_DEPLOYMENT_TARGET = 14.5;
				MTL_ENABLE_DEBUG_INFO = INCLUDE_SOURCE;
				MTL_FAST_MATH = YES;
				ONLY_ACTIVE_ARCH = YES;
				SDKROOT = iphoneos;
				SWIFT_ACTIVE_COMPILATION_CONDITIONS = DEBUG;
				SWIFT_OPTIMIZATION_LEVEL = "-Onone";
			};
			name = Debug;
		};
		88D1A344270433D30049E7CF /* Release */ = {
			isa = XCBuildConfiguration;
			buildSettings = {
				ALWAYS_SEARCH_USER_PATHS = NO;
				CLANG_ANALYZER_NONNULL = YES;
				CLANG_ANALYZER_NUMBER_OBJECT_CONVERSION = YES_AGGRESSIVE;
				CLANG_CXX_LANGUAGE_STANDARD = "gnu++14";
				CLANG_CXX_LIBRARY = "libc++";
				CLANG_ENABLE_MODULES = YES;
				CLANG_ENABLE_OBJC_ARC = YES;
				CLANG_ENABLE_OBJC_WEAK = YES;
				CLANG_WARN_BLOCK_CAPTURE_AUTORELEASING = YES;
				CLANG_WARN_BOOL_CONVERSION = YES;
				CLANG_WARN_COMMA = YES;
				CLANG_WARN_CONSTANT_CONVERSION = YES;
				CLANG_WARN_DEPRECATED_OBJC_IMPLEMENTATIONS = YES;
				CLANG_WARN_DIRECT_OBJC_ISA_USAGE = YES_ERROR;
				CLANG_WARN_DOCUMENTATION_COMMENTS = YES;
				CLANG_WARN_EMPTY_BODY = YES;
				CLANG_WARN_ENUM_CONVERSION = YES;
				CLANG_WARN_INFINITE_RECURSION = YES;
				CLANG_WARN_INT_CONVERSION = YES;
				CLANG_WARN_NON_LITERAL_NULL_CONVERSION = YES;
				CLANG_WARN_OBJC_IMPLICIT_RETAIN_SELF = YES;
				CLANG_WARN_OBJC_LITERAL_CONVERSION = YES;
				CLANG_WARN_OBJC_ROOT_CLASS = YES_ERROR;
				CLANG_WARN_QUOTED_INCLUDE_IN_FRAMEWORK_HEADER = YES;
				CLANG_WARN_RANGE_LOOP_ANALYSIS = YES;
				CLANG_WARN_STRICT_PROTOTYPES = YES;
				CLANG_WARN_SUSPICIOUS_MOVE = YES;
				CLANG_WARN_UNGUARDED_AVAILABILITY = YES_AGGRESSIVE;
				CLANG_WARN_UNREACHABLE_CODE = YES;
				CLANG_WARN__DUPLICATE_METHOD_MATCH = YES;
				COPY_PHASE_STRIP = NO;
				DEBUG_INFORMATION_FORMAT = "dwarf-with-dsym";
				ENABLE_NS_ASSERTIONS = NO;
				ENABLE_STRICT_OBJC_MSGSEND = YES;
				GCC_C_LANGUAGE_STANDARD = gnu11;
				GCC_NO_COMMON_BLOCKS = YES;
				GCC_WARN_64_TO_32_BIT_CONVERSION = YES;
				GCC_WARN_ABOUT_RETURN_TYPE = YES_ERROR;
				GCC_WARN_UNDECLARED_SELECTOR = YES;
				GCC_WARN_UNINITIALIZED_AUTOS = YES_AGGRESSIVE;
				GCC_WARN_UNUSED_FUNCTION = YES;
				GCC_WARN_UNUSED_VARIABLE = YES;
				IPHONEOS_DEPLOYMENT_TARGET = 14.5;
				MTL_ENABLE_DEBUG_INFO = NO;
				MTL_FAST_MATH = YES;
				SDKROOT = iphoneos;
				SWIFT_COMPILATION_MODE = wholemodule;
				SWIFT_OPTIMIZATION_LEVEL = "-O";
				VALIDATE_PRODUCT = YES;
			};
			name = Release;
		};
		88D1A346270433D30049E7CF /* Debug */ = {
			isa = XCBuildConfiguration;
			baseConfigurationReference = B37356797BDE716AC1A8350F /* Pods-instagram.debug.xcconfig */;
			buildSettings = {
				ASSETCATALOG_COMPILER_APPICON_NAME = AppIcon;
				ASSETCATALOG_COMPILER_GLOBAL_ACCENT_COLOR_NAME = AccentColor;
				CODE_SIGN_STYLE = Automatic;
				INFOPLIST_FILE = instagram/Info.plist;
				LD_RUNPATH_SEARCH_PATHS = (
					"$(inherited)",
					"@executable_path/Frameworks",
				);
				PRODUCT_BUNDLE_IDENTIFIER = lamsunga.instagram;
				PRODUCT_NAME = "$(TARGET_NAME)";
				SWIFT_VERSION = 5.0;
				TARGETED_DEVICE_FAMILY = "1,2";
			};
			name = Debug;
		};
		88D1A347270433D30049E7CF /* Release */ = {
			isa = XCBuildConfiguration;
			baseConfigurationReference = B5CEC7A1BB19E2CB09CEA6A0 /* Pods-instagram.release.xcconfig */;
			buildSettings = {
				ASSETCATALOG_COMPILER_APPICON_NAME = AppIcon;
				ASSETCATALOG_COMPILER_GLOBAL_ACCENT_COLOR_NAME = AccentColor;
				CODE_SIGN_STYLE = Automatic;
				INFOPLIST_FILE = instagram/Info.plist;
				LD_RUNPATH_SEARCH_PATHS = (
					"$(inherited)",
					"@executable_path/Frameworks",
				);
				PRODUCT_BUNDLE_IDENTIFIER = lamsunga.instagram;
				PRODUCT_NAME = "$(TARGET_NAME)";
				SWIFT_VERSION = 5.0;
				TARGETED_DEVICE_FAMILY = "1,2";
			};
			name = Release;
		};
		88D1A349270433D30049E7CF /* Debug */ = {
			isa = XCBuildConfiguration;
			buildSettings = {
				ALWAYS_EMBED_SWIFT_STANDARD_LIBRARIES = YES;
				BUNDLE_LOADER = "$(TEST_HOST)";
				CODE_SIGN_STYLE = Automatic;
				INFOPLIST_FILE = instagramTests/Info.plist;
				IPHONEOS_DEPLOYMENT_TARGET = 14.5;
				LD_RUNPATH_SEARCH_PATHS = (
					"$(inherited)",
					"@executable_path/Frameworks",
					"@loader_path/Frameworks",
				);
				PRODUCT_BUNDLE_IDENTIFIER = lamsunga.instagramTests;
				PRODUCT_NAME = "$(TARGET_NAME)";
				SWIFT_VERSION = 5.0;
				TARGETED_DEVICE_FAMILY = "1,2";
				TEST_HOST = "$(BUILT_PRODUCTS_DIR)/instagram.app/instagram";
			};
			name = Debug;
		};
		88D1A34A270433D30049E7CF /* Release */ = {
			isa = XCBuildConfiguration;
			buildSettings = {
				ALWAYS_EMBED_SWIFT_STANDARD_LIBRARIES = YES;
				BUNDLE_LOADER = "$(TEST_HOST)";
				CODE_SIGN_STYLE = Automatic;
				INFOPLIST_FILE = instagramTests/Info.plist;
				IPHONEOS_DEPLOYMENT_TARGET = 14.5;
				LD_RUNPATH_SEARCH_PATHS = (
					"$(inherited)",
					"@executable_path/Frameworks",
					"@loader_path/Frameworks",
				);
				PRODUCT_BUNDLE_IDENTIFIER = lamsunga.instagramTests;
				PRODUCT_NAME = "$(TARGET_NAME)";
				SWIFT_VERSION = 5.0;
				TARGETED_DEVICE_FAMILY = "1,2";
				TEST_HOST = "$(BUILT_PRODUCTS_DIR)/instagram.app/instagram";
			};
			name = Release;
		};
		88D1A34C270433D30049E7CF /* Debug */ = {
			isa = XCBuildConfiguration;
			buildSettings = {
				ALWAYS_EMBED_SWIFT_STANDARD_LIBRARIES = YES;
				CODE_SIGN_STYLE = Automatic;
				INFOPLIST_FILE = instagramUITests/Info.plist;
				LD_RUNPATH_SEARCH_PATHS = (
					"$(inherited)",
					"@executable_path/Frameworks",
					"@loader_path/Frameworks",
				);
				PRODUCT_BUNDLE_IDENTIFIER = lamsunga.instagramUITests;
				PRODUCT_NAME = "$(TARGET_NAME)";
				SWIFT_VERSION = 5.0;
				TARGETED_DEVICE_FAMILY = "1,2";
				TEST_TARGET_NAME = instagram;
			};
			name = Debug;
		};
		88D1A34D270433D30049E7CF /* Release */ = {
			isa = XCBuildConfiguration;
			buildSettings = {
				ALWAYS_EMBED_SWIFT_STANDARD_LIBRARIES = YES;
				CODE_SIGN_STYLE = Automatic;
				INFOPLIST_FILE = instagramUITests/Info.plist;
				LD_RUNPATH_SEARCH_PATHS = (
					"$(inherited)",
					"@executable_path/Frameworks",
					"@loader_path/Frameworks",
				);
				PRODUCT_BUNDLE_IDENTIFIER = lamsunga.instagramUITests;
				PRODUCT_NAME = "$(TARGET_NAME)";
				SWIFT_VERSION = 5.0;
				TARGETED_DEVICE_FAMILY = "1,2";
				TEST_TARGET_NAME = instagram;
			};
			name = Release;
		};
/* End XCBuildConfiguration section */

/* Begin XCConfigurationList section */
		88D1A316270433CB0049E7CF /* Build configuration list for PBXProject "instagram" */ = {
			isa = XCConfigurationList;
			buildConfigurations = (
				88D1A343270433D30049E7CF /* Debug */,
				88D1A344270433D30049E7CF /* Release */,
			);
			defaultConfigurationIsVisible = 0;
			defaultConfigurationName = Release;
		};
		88D1A345270433D30049E7CF /* Build configuration list for PBXNativeTarget "instagram" */ = {
			isa = XCConfigurationList;
			buildConfigurations = (
				88D1A346270433D30049E7CF /* Debug */,
				88D1A347270433D30049E7CF /* Release */,
			);
			defaultConfigurationIsVisible = 0;
			defaultConfigurationName = Release;
		};
		88D1A348270433D30049E7CF /* Build configuration list for PBXNativeTarget "instagramTests" */ = {
			isa = XCConfigurationList;
			buildConfigurations = (
				88D1A349270433D30049E7CF /* Debug */,
				88D1A34A270433D30049E7CF /* Release */,
			);
			defaultConfigurationIsVisible = 0;
			defaultConfigurationName = Release;
		};
		88D1A34B270433D30049E7CF /* Build configuration list for PBXNativeTarget "instagramUITests" */ = {
			isa = XCConfigurationList;
			buildConfigurations = (
				88D1A34C270433D30049E7CF /* Debug */,
				88D1A34D270433D30049E7CF /* Release */,
			);
			defaultConfigurationIsVisible = 0;
			defaultConfigurationName = Release;
		};
/* End XCConfigurationList section */
	};
	rootObject = 88D1A313270433CB0049E7CF /* Project object */;
}
